
Microsoft Visual Studio Solution File, Format Version 12.00
# Visual Studio 15
VisualStudioVersion = 15.0.26730.8
MinimumVisualStudioVersion = 10.0.40219.1
Project("{FAE04EC0-301F-11D3-BF4B-00C04F79EFBC}") = "DesignByContract.Domain.Core", "src\DesignByContract.Domain.Core\DesignByContract.Domain.Core.csproj", "{B16FFC43-AC50-4F9F-8D08-9B75B92A16D0}"
EndProject
Project("{2150E333-8FDC-42A3-9474-1A3956D46DE8}") = "Domain", "Domain", "{08702946-406F-4CF5-9F8C-2BB8209E5984}"
EndProject
Project("{FAE04EC0-301F-11D3-BF4B-00C04F79EFBC}") = "DesignByContract.Domain", "src\DesignByContract.Domain\DesignByContract.Domain.csproj", "{8BE05555-264E-4AFF-9485-978F03DF8EF3}"
EndProject
Project("{2150E333-8FDC-42A3-9474-1A3956D46DE8}") = "Tests", "Tests", "{F62A8BE4-7FCD-41DE-B66B-8E03FA5DCAD3}"
EndProject
Project("{2150E333-8FDC-42A3-9474-1A3956D46DE8}") = "Application", "Application", "{C9D50FE8-441E-4542-8EEE-DC04102A74E0}"
EndProject
Project("{2150E333-8FDC-42A3-9474-1A3956D46DE8}") = "Presentation", "Presentation", "{10CCA5EA-07F7-4C0D-B3E8-D515FCE3DCB3}"
EndProject
Project("{FAE04EC0-301F-11D3-BF4B-00C04F79EFBC}") = "DesignByContract.Application", "src\DesignByContract.Application\DesignByContract.Application.csproj", "{0446545C-A064-4C03-8B85-58982B683269}"
EndProject
Project("{FAE04EC0-301F-11D3-BF4B-00C04F79EFBC}") = "DesignByContract.Prompt", "src\DesignByContract.Prompt\DesignByContract.Prompt.csproj", "{A152E746-F461-4F7D-861A-FC30A208CA73}"
EndProject
Project("{2150E333-8FDC-42A3-9474-1A3956D46DE8}") = "Domain", "Domain", "{F68BB8B5-CC62-4870-A037-40AD8AFB6CFF}"
EndProject
Project("{FAE04EC0-301F-11D3-BF4B-00C04F79EFBC}") = "DesignByContract.Domain.Core.Tests", "tests\DesignByContract.Domain.Core.Tests\DesignByContract.Domain.Core.Tests.csproj", "{5BDD795C-2969-40A0-829E-E0AD5728B9CA}"
EndProject
Global
	GlobalSection(SolutionConfigurationPlatforms) = preSolution
		Debug|Any CPU = Debug|Any CPU
		Release|Any CPU = Release|Any CPU
	EndGlobalSection
	GlobalSection(ProjectConfigurationPlatforms) = postSolution
		{B16FFC43-AC50-4F9F-8D08-9B75B92A16D0}.Debug|Any CPU.ActiveCfg = Debug|Any CPU
		{B16FFC43-AC50-4F9F-8D08-9B75B92A16D0}.Debug|Any CPU.Build.0 = Debug|Any CPU
		{B16FFC43-AC50-4F9F-8D08-9B75B92A16D0}.Release|Any CPU.ActiveCfg = Release|Any CPU
		{B16FFC43-AC50-4F9F-8D08-9B75B92A16D0}.Release|Any CPU.Build.0 = Release|Any CPU
		{8BE05555-264E-4AFF-9485-978F03DF8EF3}.Debug|Any CPU.ActiveCfg = Debug|Any CPU
		{8BE05555-264E-4AFF-9485-978F03DF8EF3}.Debug|Any CPU.Build.0 = Debug|Any CPU
		{8BE05555-264E-4AFF-9485-978F03DF8EF3}.Release|Any CPU.ActiveCfg = Release|Any CPU
		{8BE05555-264E-4AFF-9485-978F03DF8EF3}.Release|Any CPU.Build.0 = Release|Any CPU
		{0446545C-A064-4C03-8B85-58982B683269}.Debug|Any CPU.ActiveCfg = Debug|Any CPU
		{0446545C-A064-4C03-8B85-58982B683269}.Debug|Any CPU.Build.0 = Debug|Any CPU
		{0446545C-A064-4C03-8B85-58982B683269}.Release|Any CPU.ActiveCfg = Release|Any CPU
		{0446545C-A064-4C03-8B85-58982B683269}.Release|Any CPU.Build.0 = Release|Any CPU
		{A152E746-F461-4F7D-861A-FC30A208CA73}.Debug|Any CPU.ActiveCfg = Debug|Any CPU
		{A152E746-F461-4F7D-861A-FC30A208CA73}.Debug|Any CPU.Build.0 = Debug|Any CPU
		{A152E746-F461-4F7D-861A-FC30A208CA73}.Release|Any CPU.ActiveCfg = Release|Any CPU
		{A152E746-F461-4F7D-861A-FC30A208CA73}.Release|Any CPU.Build.0 = Release|Any CPU
		{5BDD795C-2969-40A0-829E-E0AD5728B9CA}.Debug|Any CPU.ActiveCfg = Debug|Any CPU
		{5BDD795C-2969-40A0-829E-E0AD5728B9CA}.Debug|Any CPU.Build.0 = Debug|Any CPU
		{5BDD795C-2969-40A0-829E-E0AD5728B9CA}.Release|Any CPU.ActiveCfg = Release|Any CPU
		{5BDD795C-2969-40A0-829E-E0AD5728B9CA}.Release|Any CPU.Build.0 = Release|Any CPU
	EndGlobalSection
	GlobalSection(SolutionProperties) = preSolution
		HideSolutionNode = FALSE
	EndGlobalSection
	GlobalSection(NestedProjects) = preSolution
		{B16FFC43-AC50-4F9F-8D08-9B75B92A16D0} = {08702946-406F-4CF5-9F8C-2BB8209E5984}
		{8BE05555-264E-4AFF-9485-978F03DF8EF3} = {08702946-406F-4CF5-9F8C-2BB8209E5984}
		{0446545C-A064-4C03-8B85-58982B683269} = {C9D50FE8-441E-4542-8EEE-DC04102A74E0}
		{A152E746-F461-4F7D-861A-FC30A208CA73} = {10CCA5EA-07F7-4C0D-B3E8-D515FCE3DCB3}
		{F68BB8B5-CC62-4870-A037-40AD8AFB6CFF} = {F62A8BE4-7FCD-41DE-B66B-8E03FA5DCAD3}
		{5BDD795C-2969-40A0-829E-E0AD5728B9CA} = {F68BB8B5-CC62-4870-A037-40AD8AFB6CFF}
	EndGlobalSection
	GlobalSection(ExtensibilityGlobals) = postSolution
		SolutionGuid = {5AA2AFE9-330D-45DC-9E85-698A5196975B}
	EndGlobalSection
EndGlobal
