
Microsoft Visual Studio Solution File, Format Version 12.00
# Visual Studio 15
VisualStudioVersion = 15.0.27130.2020
MinimumVisualStudioVersion = 10.0.40219.1
Project("{2150E333-8FDC-42A3-9474-1A3956D46DE8}") = "Domain", "Domain", "{08702946-406F-4CF5-9F8C-2BB8209E5984}"
EndProject
Project("{FAE04EC0-301F-11D3-BF4B-00C04F79EFBC}") = "DesignByContract.Domain", "src\DesignByContract.Domain\DesignByContract.Domain.csproj", "{8BE05555-264E-4AFF-9485-978F03DF8EF3}"
EndProject
Project("{2150E333-8FDC-42A3-9474-1A3956D46DE8}") = "Tests", "Tests", "{F62A8BE4-7FCD-41DE-B66B-8E03FA5DCAD3}"
EndProject
Project("{2150E333-8FDC-42A3-9474-1A3956D46DE8}") = "Application", "Application", "{C9D50FE8-441E-4542-8EEE-DC04102A74E0}"
EndProject
Project("{2150E333-8FDC-42A3-9474-1A3956D46DE8}") = "Presentation", "Presentation", "{10CCA5EA-07F7-4C0D-B3E8-D515FCE3DCB3}"
EndProject
Project("{FAE04EC0-301F-11D3-BF4B-00C04F79EFBC}") = "DesignByContract.Application", "src\DesignByContract.Application\DesignByContract.Application.csproj", "{0446545C-A064-4C03-8B85-58982B683269}"
EndProject
Project("{FAE04EC0-301F-11D3-BF4B-00C04F79EFBC}") = "DesignByContract.Prompt", "src\DesignByContract.Prompt\DesignByContract.Prompt.csproj", "{A152E746-F461-4F7D-861A-FC30A208CA73}"
EndProject
Project("{2150E333-8FDC-42A3-9474-1A3956D46DE8}") = "Domain", "Domain", "{F68BB8B5-CC62-4870-A037-40AD8AFB6CFF}"
EndProject
Project("{2150E333-8FDC-42A3-9474-1A3956D46DE8}") = "Application", "Application", "{9CD99CEA-EDA7-4CA4-920A-26ABBDBA998B}"
EndProject
Project("{2150E333-8FDC-42A3-9474-1A3956D46DE8}") = "Core", "Core", "{EEAB0300-83BF-4397-B17B-9A0135642A03}"
EndProject
Project("{2150E333-8FDC-42A3-9474-1A3956D46DE8}") = "Domain", "Domain", "{F93F7D6A-E572-457C-8CA2-111FA63D9939}"
EndProject
Project("{2150E333-8FDC-42A3-9474-1A3956D46DE8}") = "Tests", "Tests", "{DF5FC56F-DEEA-4D0A-84B2-2659ABAA1382}"
EndProject
Project("{2150E333-8FDC-42A3-9474-1A3956D46DE8}") = "Domain", "Domain", "{FE07F140-F6FB-4239-B72E-5D131EA49733}"
EndProject
Project("{FAE04EC0-301F-11D3-BF4B-00C04F79EFBC}") = "DesignByContract.Core.Tests.Domain", "core\tests\DesignByContract.Core.Tests.Domain\DesignByContract.Core.Tests.Domain.csproj", "{5BDD795C-2969-40A0-829E-E0AD5728B9CA}"
EndProject
Project("{FAE04EC0-301F-11D3-BF4B-00C04F79EFBC}") = "DesignByContract.Core.Domain", "core\src\DesignByContract.Core.Domain\DesignByContract.Core.Domain.csproj", "{B16FFC43-AC50-4F9F-8D08-9B75B92A16D0}"
EndProject
Project("{FAE04EC0-301F-11D3-BF4B-00C04F79EFBC}") = "DesignByContract.Tests.Domain", "tests\DesignByContract.Tests.Domain\DesignByContract.Tests.Domain.csproj", "{984E8600-A4FB-4293-8412-A157FD2E09F6}"
EndProject
Project("{FAE04EC0-301F-11D3-BF4B-00C04F79EFBC}") = "DesignByContract.Tests.Application", "tests\DesignByContract.Tests.Application\DesignByContract.Tests.Application.csproj", "{D8E3CE39-61F9-4DD4-9FBF-097484B81257}"
EndProject
Project("{2150E333-8FDC-42A3-9474-1A3956D46DE8}") = "Presentation", "Presentation", "{5922EFC4-C289-43DD-A8EB-EAF19982F8A7}"
EndProject
Project("{FAE04EC0-301F-11D3-BF4B-00C04F79EFBC}") = "DesignByContract.Tests.Prompt", "tests\DesignByContract.Tests.Prompt\DesignByContract.Tests.Prompt.csproj", "{72C5DDE1-F661-4718-9F82-94EAF274C115}"
EndProject
Project("{2150E333-8FDC-42A3-9474-1A3956D46DE8}") = "Application", "Application", "{97393EBC-7DB2-4131-8E1E-5FDB50944D00}"
EndProject
Project("{FAE04EC0-301F-11D3-BF4B-00C04F79EFBC}") = "DesignByContract.Core.Application", "core\src\DesignByContract.Core.Application\DesignByContract.Core.Application.csproj", "{7A3430CD-023E-4506-B6B2-D9E476C068D9}"
EndProject
Project("{2150E333-8FDC-42A3-9474-1A3956D46DE8}") = "Application", "Application", "{5171EE2E-2D6D-4016-BA7F-D955A07703A8}"
EndProject
Project("{FAE04EC0-301F-11D3-BF4B-00C04F79EFBC}") = "DesignByContract.Core.Tests.Application", "core\tests\DesignByContract.Core.Tests.Application\DesignByContract.Core.Tests.Application.csproj", "{4C7AA2FD-B5D2-4F61-A9CD-031B8661AB63}"
EndProject
Global
	GlobalSection(SolutionConfigurationPlatforms) = preSolution
		Debug|Any CPU = Debug|Any CPU
		Release|Any CPU = Release|Any CPU
	EndGlobalSection
	GlobalSection(ProjectConfigurationPlatforms) = postSolution
		{8BE05555-264E-4AFF-9485-978F03DF8EF3}.Debug|Any CPU.ActiveCfg = Debug|Any CPU
		{8BE05555-264E-4AFF-9485-978F03DF8EF3}.Debug|Any CPU.Build.0 = Debug|Any CPU
		{8BE05555-264E-4AFF-9485-978F03DF8EF3}.Release|Any CPU.ActiveCfg = Release|Any CPU
		{8BE05555-264E-4AFF-9485-978F03DF8EF3}.Release|Any CPU.Build.0 = Release|Any CPU
		{0446545C-A064-4C03-8B85-58982B683269}.Debug|Any CPU.ActiveCfg = Debug|Any CPU
		{0446545C-A064-4C03-8B85-58982B683269}.Debug|Any CPU.Build.0 = Debug|Any CPU
		{0446545C-A064-4C03-8B85-58982B683269}.Release|Any CPU.ActiveCfg = Release|Any CPU
		{0446545C-A064-4C03-8B85-58982B683269}.Release|Any CPU.Build.0 = Release|Any CPU
		{A152E746-F461-4F7D-861A-FC30A208CA73}.Debug|Any CPU.ActiveCfg = Debug|Any CPU
		{A152E746-F461-4F7D-861A-FC30A208CA73}.Debug|Any CPU.Build.0 = Debug|Any CPU
		{A152E746-F461-4F7D-861A-FC30A208CA73}.Release|Any CPU.ActiveCfg = Release|Any CPU
		{A152E746-F461-4F7D-861A-FC30A208CA73}.Release|Any CPU.Build.0 = Release|Any CPU
		{5BDD795C-2969-40A0-829E-E0AD5728B9CA}.Debug|Any CPU.ActiveCfg = Debug|Any CPU
		{5BDD795C-2969-40A0-829E-E0AD5728B9CA}.Debug|Any CPU.Build.0 = Debug|Any CPU
		{5BDD795C-2969-40A0-829E-E0AD5728B9CA}.Release|Any CPU.ActiveCfg = Release|Any CPU
		{5BDD795C-2969-40A0-829E-E0AD5728B9CA}.Release|Any CPU.Build.0 = Release|Any CPU
		{B16FFC43-AC50-4F9F-8D08-9B75B92A16D0}.Debug|Any CPU.ActiveCfg = Debug|Any CPU
		{B16FFC43-AC50-4F9F-8D08-9B75B92A16D0}.Debug|Any CPU.Build.0 = Debug|Any CPU
		{B16FFC43-AC50-4F9F-8D08-9B75B92A16D0}.Release|Any CPU.ActiveCfg = Release|Any CPU
		{B16FFC43-AC50-4F9F-8D08-9B75B92A16D0}.Release|Any CPU.Build.0 = Release|Any CPU
		{984E8600-A4FB-4293-8412-A157FD2E09F6}.Debug|Any CPU.ActiveCfg = Debug|Any CPU
		{984E8600-A4FB-4293-8412-A157FD2E09F6}.Debug|Any CPU.Build.0 = Debug|Any CPU
		{984E8600-A4FB-4293-8412-A157FD2E09F6}.Release|Any CPU.ActiveCfg = Release|Any CPU
		{984E8600-A4FB-4293-8412-A157FD2E09F6}.Release|Any CPU.Build.0 = Release|Any CPU
		{D8E3CE39-61F9-4DD4-9FBF-097484B81257}.Debug|Any CPU.ActiveCfg = Debug|Any CPU
		{D8E3CE39-61F9-4DD4-9FBF-097484B81257}.Debug|Any CPU.Build.0 = Debug|Any CPU
		{D8E3CE39-61F9-4DD4-9FBF-097484B81257}.Release|Any CPU.ActiveCfg = Release|Any CPU
		{D8E3CE39-61F9-4DD4-9FBF-097484B81257}.Release|Any CPU.Build.0 = Release|Any CPU
		{72C5DDE1-F661-4718-9F82-94EAF274C115}.Debug|Any CPU.ActiveCfg = Debug|Any CPU
		{72C5DDE1-F661-4718-9F82-94EAF274C115}.Debug|Any CPU.Build.0 = Debug|Any CPU
		{72C5DDE1-F661-4718-9F82-94EAF274C115}.Release|Any CPU.ActiveCfg = Release|Any CPU
		{72C5DDE1-F661-4718-9F82-94EAF274C115}.Release|Any CPU.Build.0 = Release|Any CPU
		{7A3430CD-023E-4506-B6B2-D9E476C068D9}.Debug|Any CPU.ActiveCfg = Debug|Any CPU
		{7A3430CD-023E-4506-B6B2-D9E476C068D9}.Debug|Any CPU.Build.0 = Debug|Any CPU
		{7A3430CD-023E-4506-B6B2-D9E476C068D9}.Release|Any CPU.ActiveCfg = Release|Any CPU
		{7A3430CD-023E-4506-B6B2-D9E476C068D9}.Release|Any CPU.Build.0 = Release|Any CPU
		{4C7AA2FD-B5D2-4F61-A9CD-031B8661AB63}.Debug|Any CPU.ActiveCfg = Debug|Any CPU
		{4C7AA2FD-B5D2-4F61-A9CD-031B8661AB63}.Debug|Any CPU.Build.0 = Debug|Any CPU
		{4C7AA2FD-B5D2-4F61-A9CD-031B8661AB63}.Release|Any CPU.ActiveCfg = Release|Any CPU
		{4C7AA2FD-B5D2-4F61-A9CD-031B8661AB63}.Release|Any CPU.Build.0 = Release|Any CPU
	EndGlobalSection
	GlobalSection(SolutionProperties) = preSolution
		HideSolutionNode = FALSE
	EndGlobalSection
	GlobalSection(NestedProjects) = preSolution
		{8BE05555-264E-4AFF-9485-978F03DF8EF3} = {08702946-406F-4CF5-9F8C-2BB8209E5984}
		{0446545C-A064-4C03-8B85-58982B683269} = {C9D50FE8-441E-4542-8EEE-DC04102A74E0}
		{A152E746-F461-4F7D-861A-FC30A208CA73} = {10CCA5EA-07F7-4C0D-B3E8-D515FCE3DCB3}
		{F68BB8B5-CC62-4870-A037-40AD8AFB6CFF} = {F62A8BE4-7FCD-41DE-B66B-8E03FA5DCAD3}
		{9CD99CEA-EDA7-4CA4-920A-26ABBDBA998B} = {F62A8BE4-7FCD-41DE-B66B-8E03FA5DCAD3}
		{F93F7D6A-E572-457C-8CA2-111FA63D9939} = {EEAB0300-83BF-4397-B17B-9A0135642A03}
		{DF5FC56F-DEEA-4D0A-84B2-2659ABAA1382} = {EEAB0300-83BF-4397-B17B-9A0135642A03}
		{FE07F140-F6FB-4239-B72E-5D131EA49733} = {DF5FC56F-DEEA-4D0A-84B2-2659ABAA1382}
		{5BDD795C-2969-40A0-829E-E0AD5728B9CA} = {FE07F140-F6FB-4239-B72E-5D131EA49733}
		{B16FFC43-AC50-4F9F-8D08-9B75B92A16D0} = {F93F7D6A-E572-457C-8CA2-111FA63D9939}
		{984E8600-A4FB-4293-8412-A157FD2E09F6} = {F68BB8B5-CC62-4870-A037-40AD8AFB6CFF}
		{D8E3CE39-61F9-4DD4-9FBF-097484B81257} = {9CD99CEA-EDA7-4CA4-920A-26ABBDBA998B}
		{5922EFC4-C289-43DD-A8EB-EAF19982F8A7} = {F62A8BE4-7FCD-41DE-B66B-8E03FA5DCAD3}
		{72C5DDE1-F661-4718-9F82-94EAF274C115} = {5922EFC4-C289-43DD-A8EB-EAF19982F8A7}
		{97393EBC-7DB2-4131-8E1E-5FDB50944D00} = {EEAB0300-83BF-4397-B17B-9A0135642A03}
		{7A3430CD-023E-4506-B6B2-D9E476C068D9} = {97393EBC-7DB2-4131-8E1E-5FDB50944D00}
		{5171EE2E-2D6D-4016-BA7F-D955A07703A8} = {DF5FC56F-DEEA-4D0A-84B2-2659ABAA1382}
		{4C7AA2FD-B5D2-4F61-A9CD-031B8661AB63} = {5171EE2E-2D6D-4016-BA7F-D955A07703A8}
	EndGlobalSection
	GlobalSection(ExtensibilityGlobals) = postSolution
		SolutionGuid = {5AA2AFE9-330D-45DC-9E85-698A5196975B}
	EndGlobalSection
	GlobalSection(Performance) = preSolution
		HasPerformanceSessions = true
	EndGlobalSection
EndGlobal
